hash: a304f25600b23a06f2ed8a9395a8f893bc98285aafa7161233319776d0f935b9
updated: 2016-11-03T20:59:45.279255872+01:00
imports:
- name: github.com/fatih/color
  version: bf82308e8c8546dc2b945157173eb8a959ae9505
- name: github.com/Masterminds/semver
  version: 8d0431362b544d1a3536cca26684828866a7de09
- name: github.com/mattn/go-colorable
  version: d228849504861217f796da67fae4f6e347643f15
- name: github.com/mattn/go-isatty
  version: 66b8e73f3f5cda9f96b69efd03dd3d7fc4a5cdb8
- name: github.com/mattn/go-zglob
  version: 2dbd7f37a45e993d5180a251b4bdd314d6333b70
- name: github.com/mh-cbon/verbose
  version: d00b896de162d9c7a40ea07a93903d91a2dbbe1b
  subpackages:
  - color
  - printer
- name: github.com/pkg/errors
  version: 645ef00459ed84a119197bfb8d8205042c6df63d
- name: github.com/urfave/cli
  version: a14d7d367bc02b1f57d88de97926727f2d936387
- name: golang.org/x/sys
  version: c200b10b5d5e122be351b67af224adc6128af5bf
  subpackages:
  - unix
testImports: []
